{
  "requires": true,
  "lockfileVersion": 1,
  "dependencies": {
    "angular-alert-module": {
      "version": "1.0.0",
      "resolved": "https://registry.npmjs.org/angular-alert-module/-/angular-alert-module-1.0.0.tgz",
      "integrity": "sha512-9pvTxXfGPG3q1Jz8ms0c+ZqQHci5kLH69KRebHbkFCCS2LjAUu4AqS2xr57E2NlzpBxUnQ1dbnrPZJRvazyHkA=="
    }
  }
}
